
Microsoft Visual Studio Solution File, Format Version 12.00
# Visual Studio Version 16
VisualStudioVersion = 16.0.30907.101
MinimumVisualStudioVersion = 10.0.40219.1
Project("{9A19103F-16F7-4668-BE54-9A1E7A4F7556}") = "Entities", "Entities\Entities.csproj", "{3B122F61-D6DF-4792-9395-922C5EAE750F}"
EndProject
Project("{9A19103F-16F7-4668-BE54-9A1E7A4F7556}") = "DataAccess", "DataAccess\DataAccess.csproj", "{49EED9C4-0B66-45D1-A829-D67472BA4B5C}"
EndProject
Project("{9A19103F-16F7-4668-BE54-9A1E7A4F7556}") = "Business", "Business\Business.csproj", "{61D694A7-1AB6-44E0-B965-C8066A103D98}"
EndProject
Project("{9A19103F-16F7-4668-BE54-9A1E7A4F7556}") = "ConsoleUI", "ConsoleUI\ConsoleUI.csproj", "{7279D6F0-E416-4263-9450-545C1131A676}"
EndProject
Project("{9A19103F-16F7-4668-BE54-9A1E7A4F7556}") = "Core", "Core\Core.csproj", "{5A3D0DC6-C7D0-4217-B32F-D09FA52655AD}"
EndProject
Project("{FAE04EC0-301F-11D3-BF4B-00C04F79EFBC}") = "WebAPI", "WebAPI\WebAPI.csproj", "{5E91BA4F-AC7E-4C4C-8297-09CDA68E384F}"
EndProject
Global
	GlobalSection(SolutionConfigurationPlatforms) = preSolution
		Debug|Any CPU = Debug|Any CPU
		Release|Any CPU = Release|Any CPU
	EndGlobalSection
	GlobalSection(ProjectConfigurationPlatforms) = postSolution
		{3B122F61-D6DF-4792-9395-922C5EAE750F}.Debug|Any CPU.ActiveCfg = Debug|Any CPU
		{3B122F61-D6DF-4792-9395-922C5EAE750F}.Debug|Any CPU.Build.0 = Debug|Any CPU
		{3B122F61-D6DF-4792-9395-922C5EAE750F}.Release|Any CPU.ActiveCfg = Release|Any CPU
		{3B122F61-D6DF-4792-9395-922C5EAE750F}.Release|Any CPU.Build.0 = Release|Any CPU
		{49EED9C4-0B66-45D1-A829-D67472BA4B5C}.Debug|Any CPU.ActiveCfg = Debug|Any CPU
		{49EED9C4-0B66-45D1-A829-D67472BA4B5C}.Debug|Any CPU.Build.0 = Debug|Any CPU
		{49EED9C4-0B66-45D1-A829-D67472BA4B5C}.Release|Any CPU.ActiveCfg = Release|Any CPU
		{49EED9C4-0B66-45D1-A829-D67472BA4B5C}.Release|Any CPU.Build.0 = Release|Any CPU
		{61D694A7-1AB6-44E0-B965-C8066A103D98}.Debug|Any CPU.ActiveCfg = Debug|Any CPU
		{61D694A7-1AB6-44E0-B965-C8066A103D98}.Debug|Any CPU.Build.0 = Debug|Any CPU
		{61D694A7-1AB6-44E0-B965-C8066A103D98}.Release|Any CPU.ActiveCfg = Release|Any CPU
		{61D694A7-1AB6-44E0-B965-C8066A103D98}.Release|Any CPU.Build.0 = Release|Any CPU
		{7279D6F0-E416-4263-9450-545C1131A676}.Debug|Any CPU.ActiveCfg = Debug|Any CPU
		{7279D6F0-E416-4263-9450-545C1131A676}.Debug|Any CPU.Build.0 = Debug|Any CPU
		{7279D6F0-E416-4263-9450-545C1131A676}.Release|Any CPU.ActiveCfg = Release|Any CPU
		{7279D6F0-E416-4263-9450-545C1131A676}.Release|Any CPU.Build.0 = Release|Any CPU
		{5A3D0DC6-C7D0-4217-B32F-D09FA52655AD}.Debug|Any CPU.ActiveCfg = Debug|Any CPU
		{5A3D0DC6-C7D0-4217-B32F-D09FA52655AD}.Debug|Any CPU.Build.0 = Debug|Any CPU
		{5A3D0DC6-C7D0-4217-B32F-D09FA52655AD}.Release|Any CPU.ActiveCfg = Release|Any CPU
		{5A3D0DC6-C7D0-4217-B32F-D09FA52655AD}.Release|Any CPU.Build.0 = Release|Any CPU
		{5E91BA4F-AC7E-4C4C-8297-09CDA68E384F}.Debug|Any CPU.ActiveCfg = Debug|Any CPU
		{5E91BA4F-AC7E-4C4C-8297-09CDA68E384F}.Debug|Any CPU.Build.0 = Debug|Any CPU
		{5E91BA4F-AC7E-4C4C-8297-09CDA68E384F}.Release|Any CPU.ActiveCfg = Release|Any CPU
		{5E91BA4F-AC7E-4C4C-8297-09CDA68E384F}.Release|Any CPU.Build.0 = Release|Any CPU
	EndGlobalSection
	GlobalSection(SolutionProperties) = preSolution
		HideSolutionNode = FALSE
	EndGlobalSection
	GlobalSection(ExtensibilityGlobals) = postSolution
		SolutionGuid = {5081A477-8F36-4050-BF3D-6F949FF735C2}
	EndGlobalSection
EndGlobal
